{
  "name": "shutterstock-cli",
  "version": "0.0.1",
  "dependencies": {
    "ansi-canvas": {
      "version": "0.0.2",
      "from": "ansi-canvas@0.0.2",
      "dependencies": {
        "ansi": {
          "version": "0.2.1",
          "from": "ansi@~0.2.0"
        }
      }
    },
    "canvas": {
      "version": "1.0.4",
      "from": "canvas@~1.0.3"
    },
    "chalk": {
      "version": "0.4.0",
      "from": "chalk@0.4.0",
      "dependencies": {
        "has-color": {
          "version": "0.1.4",
          "from": "has-color@~0.1.0"
        },
        "ansi-styles": {
          "version": "1.0.0",
          "from": "ansi-styles@~1.0.0"
        },
        "strip-ansi": {
          "version": "0.1.1",
          "from": "strip-ansi@~0.1.0"
        }
      }
    },
    "dateformat": {
      "version": "1.0.7-1.2.3",
      "from": "dateformat@~1.0.7-1.2.3"
    },
    "event-stream": {
      "version": "3.1.0",
      "from": "event-stream@^3.1.0",
      "dependencies": {
        "through": {
          "version": "2.3.4",
          "from": "through@~2.3.1"
        },
        "duplexer": {
          "version": "0.1.1",
          "from": "duplexer@~0.1.1"
        },
        "from": {
          "version": "0.1.3",
          "from": "from@~0"
        },
        "map-stream": {
          "version": "0.1.0",
          "from": "map-stream@~0.1.0"
        },
        "pause-stream": {
          "version": "0.0.11",
          "from": "pause-stream@0.0.11"
        },
        "split": {
          "version": "0.2.10",
          "from": "split@0.2"
        },
        "stream-combiner": {
          "version": "0.0.4",
          "from": "stream-combiner@~0.0.4"
        }
      }
    },
    "eyes": {
      "version": "0.1.8",
      "from": "eyes@^0.1.8"
    },
    "liftoff": {
      "version": "0.8.7",
      "from": "liftoff@0.8.7",
      "dependencies": {
        "findup-sync": {
          "version": "0.1.2",
          "from": "findup-sync@^0.1.2",
          "dependencies": {
            "glob": {
              "version": "3.1.21",
              "from": "glob@~3.1.21",
              "dependencies": {
                "minimatch": {
                  "version": "0.2.14",
                  "from": "minimatch@~0.2.11",
                  "dependencies": {
                    "lru-cache": {
                      "version": "2.5.0",
                      "from": "lru-cache@2"
                    },
                    "sigmund": {
                      "version": "1.0.0",
                      "from": "sigmund@~1.0.0"
                    }
                  }
                },
                "graceful-fs": {
                  "version": "1.2.3",
                  "from": "graceful-fs@~1.2.0"
                },
                "inherits": {
                  "version": "1.0.0",
                  "from": "inherits@1"
                }
              }
            },
            "lodash": {
              "version": "1.0.1",
              "from": "lodash@~1.0.1"
            }
          }
        },
        "resolve": {
          "version": "0.6.1",
          "from": "resolve@^0.6.1"
        },
        "minimist": {
          "version": "0.0.5",
          "from": "minimist@^0.0.5"
        },
        "extend": {
          "version": "1.2.1",
          "from": "extend@^1.2.1"
        }
      }
    },
    "pretty-hrtime": {
      "version": "0.2.0",
      "from": "pretty-hrtime@0.2.0"
    },
    "q": {
      "version": "1.0.0",
      "from": "q@^1.0.0"
    },
    "request": {
      "version": "2.34.0",
      "from": "request@^2.34.0",
      "dependencies": {
        "qs": {
          "version": "0.6.6",
          "from": "qs@~0.6.0"
        },
        "json-stringify-safe": {
          "version": "5.0.0",
          "from": "json-stringify-safe@~5.0.0"
        },
        "forever-agent": {
          "version": "0.5.2",
          "from": "forever-agent@~0.5.0"
        },
        "node-uuid": {
          "version": "1.4.1",
          "from": "node-uuid@~1.4.0"
        },
        "mime": {
          "version": "1.2.11",
          "from": "mime@~1.2.9"
        },
        "tough-cookie": {
          "version": "0.12.1",
          "from": "tough-cookie@>=0.12.0",
          "dependencies": {
            "punycode": {
              "version": "1.2.4",
              "from": "punycode@>=0.2.0"
            }
          }
        },
        "form-data": {
          "version": "0.1.2",
          "from": "form-data@~0.1.0",
          "dependencies": {
            "combined-stream": {
              "version": "0.0.4",
              "from": "combined-stream@~0.0.4",
              "dependencies": {
                "delayed-stream": {
                  "version": "0.0.5",
                  "from": "delayed-stream@0.0.5"
                }
              }
            },
            "async": {
              "version": "0.2.10",
              "from": "async@~0.2.9"
            }
          }
        },
        "tunnel-agent": {
          "version": "0.3.0",
          "from": "tunnel-agent@~0.3.0"
        },
        "http-signature": {
          "version": "0.10.0",
          "from": "http-signature@~0.10.0",
          "dependencies": {
            "assert-plus": {
              "version": "0.1.2",
              "from": "assert-plus@0.1.2"
            },
            "asn1": {
              "version": "0.1.11",
              "from": "asn1@0.1.11"
            },
            "ctype": {
              "version": "0.5.2",
              "from": "ctype@0.5.2"
            }
          }
        },
        "oauth-sign": {
          "version": "0.3.0",
          "from": "oauth-sign@~0.3.0"
        },
        "hawk": {
          "version": "1.0.0",
          "from": "hawk@~1.0.0",
          "dependencies": {
            "hoek": {
              "version": "0.9.1",
              "from": "hoek@0.9.x"
            },
            "boom": {
              "version": "0.4.2",
              "from": "boom@0.4.x"
            },
            "cryptiles": {
              "version": "0.2.2",
              "from": "cryptiles@0.2.x"
            },
            "sntp": {
              "version": "0.2.4",
              "from": "sntp@0.2.x"
            }
          }
        },
        "aws-sign2": {
          "version": "0.5.0",
          "from": "aws-sign2@~0.5.0"
        }
      }
    },
    "shutterstock-api": {
      "version": "0.1.4",
      "from": "https://github.com/shutterstock/node-shutterstock-api/archive/v0.1.4.tar.gz",
      "resolved": "https://github.com/shutterstock/node-shutterstock-api/archive/v0.1.4.tar.gz",
      "dependencies": {
        "armrest": {
          "version": "2.1.2",
          "from": "armrest@2.1.2",
          "dependencies": {
            "request": {
              "version": "2.27.0",
              "from": "request@2.27.0",
              "resolved": "https://registry.npmjs.org/request/-/request-2.27.0.tgz",
              "dependencies": {
                "qs": {
                  "version": "0.6.6",
                  "from": "qs@~0.6.0"
                },
                "json-stringify-safe": {
                  "version": "5.0.0",
                  "from": "json-stringify-safe@~5.0.0"
                },
                "forever-agent": {
                  "version": "0.5.2",
                  "from": "forever-agent@~0.5.0"
                },
                "tunnel-agent": {
                  "version": "0.3.0",
                  "from": "tunnel-agent@~0.3.0"
                },
                "http-signature": {
                  "version": "0.10.0",
                  "from": "http-signature@~0.10.0",
                  "dependencies": {
                    "assert-plus": {
                      "version": "0.1.2",
                      "from": "assert-plus@0.1.2"
                    },
                    "asn1": {
                      "version": "0.1.11",
                      "from": "asn1@0.1.11"
                    },
                    "ctype": {
                      "version": "0.5.2",
                      "from": "ctype@0.5.2"
                    }
                  }
                },
                "hawk": {
                  "version": "1.0.0",
                  "from": "hawk@~1.0.0",
                  "dependencies": {
                    "hoek": {
                      "version": "0.9.1",
                      "from": "hoek@0.9.x"
                    },
                    "boom": {
                      "version": "0.4.2",
                      "from": "boom@0.4.x"
                    },
                    "cryptiles": {
                      "version": "0.2.2",
                      "from": "cryptiles@0.2.x"
                    },
                    "sntp": {
                      "version": "0.2.4",
                      "from": "sntp@0.2.x"
                    }
                  }
                },
                "aws-sign": {
                  "version": "0.3.0",
                  "from": "aws-sign@~0.3.0"
                },
                "oauth-sign": {
                  "version": "0.3.0",
                  "from": "oauth-sign@~0.3.0"
                },
                "cookie-jar": {
                  "version": "0.3.0",
                  "from": "cookie-jar@~0.3.0"
                },
                "node-uuid": {
                  "version": "1.4.1",
                  "from": "node-uuid@~1.4.0"
                },
                "mime": {
                  "version": "1.2.11",
                  "from": "mime@~1.2.9"
                },
                "form-data": {
                  "version": "0.1.2",
                  "from": "form-data@~0.1.0",
                  "dependencies": {
                    "combined-stream": {
                      "version": "0.0.4",
                      "from": "combined-stream@~0.0.4",
                      "dependencies": {
                        "delayed-stream": {
                          "version": "0.0.5",
                          "from": "delayed-stream@0.0.5"
                        }
                      }
                    },
                    "async": {
                      "version": "0.2.10",
                      "from": "async@~0.2.9"
                    }
                  }
                }
              }
            },
            "log4js": {
              "version": "0.5.6",
              "from": "log4js@0.5.6",
              "resolved": "https://registry.npmjs.org/log4js/-/log4js-0.5.6.tgz",
              "dependencies": {
                "async": {
                  "version": "0.1.15",
                  "from": "async@0.1.15",
                  "resolved": "https://registry.npmjs.org/async/-/async-0.1.15.tgz"
                }
              }
            },
            "lodash": {
              "version": "2.2.1",
              "from": "lodash@2.2.1",
              "resolved": "https://registry.npmjs.org/lodash/-/lodash-2.2.1.tgz"
            }
          }
        },
        "underscore": {
          "version": "1.5.2",
          "from": "underscore@1.5.2",
          "resolved": "https://registry.npmjs.org/underscore/-/underscore-1.5.2.tgz"
        },
        "request": {
          "version": "2.33.0",
          "from": "request@2.33.0",
          "dependencies": {
            "qs": {
              "version": "0.6.6",
              "from": "qs@~0.6.0"
            },
            "json-stringify-safe": {
              "version": "5.0.0",
              "from": "json-stringify-safe@~5.0.0"
            },
            "forever-agent": {
              "version": "0.5.2",
              "from": "forever-agent@~0.5.0"
            },
            "node-uuid": {
              "version": "1.4.1",
              "from": "node-uuid@~1.4.0"
            },
            "mime": {
              "version": "1.2.11",
              "from": "mime@~1.2.9"
            },
            "tough-cookie": {
              "version": "0.12.1",
              "from": "tough-cookie@>=0.12.0",
              "dependencies": {
                "punycode": {
                  "version": "1.2.4",
                  "from": "punycode@>=0.2.0"
                }
              }
            },
            "form-data": {
              "version": "0.1.2",
              "from": "form-data@~0.1.0",
              "dependencies": {
                "combined-stream": {
                  "version": "0.0.4",
                  "from": "combined-stream@~0.0.4",
                  "dependencies": {
                    "delayed-stream": {
                      "version": "0.0.5",
                      "from": "delayed-stream@0.0.5"
                    }
                  }
                },
                "async": {
                  "version": "0.2.10",
                  "from": "async@~0.2.9"
                }
              }
            },
            "tunnel-agent": {
              "version": "0.3.0",
              "from": "tunnel-agent@~0.3.0"
            },
            "http-signature": {
              "version": "0.10.0",
              "from": "http-signature@~0.10.0",
              "dependencies": {
                "assert-plus": {
                  "version": "0.1.2",
                  "from": "assert-plus@0.1.2"
                },
                "asn1": {
                  "version": "0.1.11",
                  "from": "asn1@0.1.11"
                },
                "ctype": {
                  "version": "0.5.2",
                  "from": "ctype@0.5.2"
                }
              }
            },
            "oauth-sign": {
              "version": "0.3.0",
              "from": "oauth-sign@~0.3.0"
            },
            "hawk": {
              "version": "1.0.0",
              "from": "hawk@~1.0.0",
              "dependencies": {
                "hoek": {
                  "version": "0.9.1",
                  "from": "hoek@0.9.x"
                },
                "boom": {
                  "version": "0.4.2",
                  "from": "boom@0.4.x"
                },
                "cryptiles": {
                  "version": "0.2.2",
                  "from": "cryptiles@0.2.x"
                },
                "sntp": {
                  "version": "0.2.4",
                  "from": "sntp@0.2.x"
                }
              }
            },
            "aws-sign2": {
              "version": "0.5.0",
              "from": "aws-sign2@~0.5.0"
            }
          }
        }
      }
    }
  }
}
